{
	"name": "dualsubs",
	"version": "1.0.0",
	"lockfileVersion": 3,
	"requires": true,
	"packages": {
		"": {
			"name": "dualsubs",
			"version": "1.0.0",
			"license": "Apache-2.0",
			"devDependencies": {
				"@rollup/plugin-commonjs": "^25.0.7",
				"@rollup/plugin-json": "^6.1.0",
				"rollup": "^4.9.6"
			}
		},
		"node_modules/@jridgewell/sourcemap-codec": {
			"version": "1.4.15",
			"resolved": "https://registry.npmjs.org/@jridgewell/sourcemap-codec/-/sourcemap-codec-1.4.15.tgz",
			"integrity": "sha512-eF2rxCRulEKXHTRiDrDy6erMYWqNw4LPdQ8UQA4huuxaQsVeRPFl2oM8oDGxMFhJUWZf9McpLtJasDDZb/Bpeg==",
			"dev": true
		},
		"node_modules/@rollup/plugin-commonjs": {
			"version": "25.0.7",
			"resolved": "https://registry.npmjs.org/@rollup/plugin-commonjs/-/plugin-commonjs-25.0.7.tgz",
			"integrity": "sha512-nEvcR+LRjEjsaSsc4x3XZfCCvZIaSMenZu/OiwOKGN2UhQpAYI7ru7czFvyWbErlpoGjnSX3D5Ch5FcMA3kRWQ==",
			"dev": true,
			"dependencies": {
				"@rollup/pluginutils": "^5.0.1",
				"commondir": "^1.0.1",
				"estree-walker": "^2.0.2",
				"glob": "^8.0.3",
				"is-reference": "1.2.1",
				"magic-string": "^0.30.3"
			},
			"engines": {
				"node": ">=14.0.0"
			},
			"peerDependencies": {
				"rollup": "^2.68.0||^3.0.0||^4.0.0"
			},
			"peerDependenciesMeta": {
				"rollup": {
					"optional": true
				}
			}
		},
		"node_modules/@rollup/plugin-json": {
			"version": "6.1.0",
			"resolved": "https://registry.npmjs.org/@rollup/plugin-json/-/plugin-json-6.1.0.tgz",
			"integrity": "sha512-EGI2te5ENk1coGeADSIwZ7G2Q8CJS2sF120T7jLw4xFw9n7wIOXHo+kIYRAoVpJAN+kmqZSoO3Fp4JtoNF4ReA==",
			"dev": true,
			"dependencies": {
				"@rollup/pluginutils": "^5.1.0"
			},
			"engines": {
				"node": ">=14.0.0"
			},
			"peerDependencies": {
				"rollup": "^1.20.0||^2.0.0||^3.0.0||^4.0.0"
			},
			"peerDependenciesMeta": {
				"rollup": {
					"optional": true
				}
			}
		},
		"node_modules/@rollup/pluginutils": {
			"version": "5.1.0",
			"resolved": "https://registry.npmjs.org/@rollup/pluginutils/-/pluginutils-5.1.0.tgz",
			"integrity": "sha512-XTIWOPPcpvyKI6L1NHo0lFlCyznUEyPmPY1mc3KpPVDYulHSTvyeLNVW00QTLIAFNhR3kYnJTQHeGqU4M3n09g==",
			"dev": true,
			"dependencies": {
				"@types/estree": "^1.0.0",
				"estree-walker": "^2.0.2",
				"picomatch": "^2.3.1"
			},
			"engines": {
				"node": ">=14.0.0"
			},
			"peerDependencies": {
				"rollup": "^1.20.0||^2.0.0||^3.0.0||^4.0.0"
			},
			"peerDependenciesMeta": {
				"rollup": {
					"optional": true
				}
			}
		},
		"node_modules/@rollup/rollup-android-arm-eabi": {
			"version": "4.9.6",
			"resolved": "https://registry.npmjs.org/@rollup/rollup-android-arm-eabi/-/rollup-android-arm-eabi-4.9.6.tgz",
			"integrity": "sha512-MVNXSSYN6QXOulbHpLMKYi60ppyO13W9my1qogeiAqtjb2yR4LSmfU2+POvDkLzhjYLXz9Rf9+9a3zFHW1Lecg==",
			"cpu": [
				"arm"
			],
			"dev": true,
			"optional": true,
			"os": [
				"android"
			]
		},
		"node_modules/@rollup/rollup-android-arm64": {
			"version": "4.9.6",
			"resolved": "https://registry.npmjs.org/@rollup/rollup-android-arm64/-/rollup-android-arm64-4.9.6.tgz",
			"integrity": "sha512-T14aNLpqJ5wzKNf5jEDpv5zgyIqcpn1MlwCrUXLrwoADr2RkWA0vOWP4XxbO9aiO3dvMCQICZdKeDrFl7UMClw==",
			"cpu": [
				"arm64"
			],
			"dev": true,
			"optional": true,
			"os": [
				"android"
			]
		},
		"node_modules/@rollup/rollup-darwin-arm64": {
			"version": "4.9.6",
			"resolved": "https://registry.npmjs.org/@rollup/rollup-darwin-arm64/-/rollup-darwin-arm64-4.9.6.tgz",
			"integrity": "sha512-CqNNAyhRkTbo8VVZ5R85X73H3R5NX9ONnKbXuHisGWC0qRbTTxnF1U4V9NafzJbgGM0sHZpdO83pLPzq8uOZFw==",
			"cpu": [
				"arm64"
			],
			"dev": true,
			"optional": true,
			"os": [
				"darwin"
			]
		},
		"node_modules/@rollup/rollup-darwin-x64": {
			"version": "4.9.6",
			"resolved": "https://registry.npmjs.org/@rollup/rollup-darwin-x64/-/rollup-darwin-x64-4.9.6.tgz",
			"integrity": "sha512-zRDtdJuRvA1dc9Mp6BWYqAsU5oeLixdfUvkTHuiYOHwqYuQ4YgSmi6+/lPvSsqc/I0Omw3DdICx4Tfacdzmhog==",
			"cpu": [
				"x64"
			],
			"dev": true,
			"optional": true,
			"os": [
				"darwin"
			]
		},
		"node_modules/@rollup/rollup-linux-arm-gnueabihf": {
			"version": "4.9.6",
			"resolved": "https://registry.npmjs.org/@rollup/rollup-linux-arm-gnueabihf/-/rollup-linux-arm-gnueabihf-4.9.6.tgz",
			"integrity": "sha512-oNk8YXDDnNyG4qlNb6is1ojTOGL/tRhbbKeE/YuccItzerEZT68Z9gHrY3ROh7axDc974+zYAPxK5SH0j/G+QQ==",
			"cpu": [
				"arm"
			],
			"dev": true,
			"optional": true,
			"os": [
				"linux"
			]
		},
		"node_modules/@rollup/rollup-linux-arm64-gnu": {
			"version": "4.9.6",
			"resolved": "https://registry.npmjs.org/@rollup/rollup-linux-arm64-gnu/-/rollup-linux-arm64-gnu-4.9.6.tgz",
			"integrity": "sha512-Z3O60yxPtuCYobrtzjo0wlmvDdx2qZfeAWTyfOjEDqd08kthDKexLpV97KfAeUXPosENKd8uyJMRDfFMxcYkDQ==",
			"cpu": [
				"arm64"
			],
			"dev": true,
			"optional": true,
			"os": [
				"linux"
			]
		},
		"node_modules/@rollup/rollup-linux-arm64-musl": {
			"version": "4.9.6",
			"resolved": "https://registry.npmjs.org/@rollup/rollup-linux-arm64-musl/-/rollup-linux-arm64-musl-4.9.6.tgz",
			"integrity": "sha512-gpiG0qQJNdYEVad+1iAsGAbgAnZ8j07FapmnIAQgODKcOTjLEWM9sRb+MbQyVsYCnA0Im6M6QIq6ax7liws6eQ==",
			"cpu": [
				"arm64"
			],
			"dev": true,
			"optional": true,
			"os": [
				"linux"
			]
		},
		"node_modules/@rollup/rollup-linux-riscv64-gnu": {
			"version": "4.9.6",
			"resolved": "https://registry.npmjs.org/@rollup/rollup-linux-riscv64-gnu/-/rollup-linux-riscv64-gnu-4.9.6.tgz",
			"integrity": "sha512-+uCOcvVmFUYvVDr27aiyun9WgZk0tXe7ThuzoUTAukZJOwS5MrGbmSlNOhx1j80GdpqbOty05XqSl5w4dQvcOA==",
			"cpu": [
				"riscv64"
			],
			"dev": true,
			"optional": true,
			"os": [
				"linux"
			]
		},
		"node_modules/@rollup/rollup-linux-x64-gnu": {
			"version": "4.9.6",
			"resolved": "https://registry.npmjs.org/@rollup/rollup-linux-x64-gnu/-/rollup-linux-x64-gnu-4.9.6.tgz",
			"integrity": "sha512-HUNqM32dGzfBKuaDUBqFB7tP6VMN74eLZ33Q9Y1TBqRDn+qDonkAUyKWwF9BR9unV7QUzffLnz9GrnKvMqC/fw==",
			"cpu": [
				"x64"
			],
			"dev": true,
			"optional": true,
			"os": [
				"linux"
			]
		},
		"node_modules/@rollup/rollup-linux-x64-musl": {
			"version": "4.9.6",
			"resolved": "https://registry.npmjs.org/@rollup/rollup-linux-x64-musl/-/rollup-linux-x64-musl-4.9.6.tgz",
			"integrity": "sha512-ch7M+9Tr5R4FK40FHQk8VnML0Szi2KRujUgHXd/HjuH9ifH72GUmw6lStZBo3c3GB82vHa0ZoUfjfcM7JiiMrQ==",
			"cpu": [
				"x64"
			],
			"dev": true,
			"optional": true,
			"os": [
				"linux"
			]
		},
		"node_modules/@rollup/rollup-win32-arm64-msvc": {
			"version": "4.9.6",
			"resolved": "https://registry.npmjs.org/@rollup/rollup-win32-arm64-msvc/-/rollup-win32-arm64-msvc-4.9.6.tgz",
			"integrity": "sha512-VD6qnR99dhmTQ1mJhIzXsRcTBvTjbfbGGwKAHcu+52cVl15AC/kplkhxzW/uT0Xl62Y/meBKDZvoJSJN+vTeGA==",
			"cpu": [
				"arm64"
			],
			"dev": true,
			"optional": true,
			"os": [
				"win32"
			]
		},
		"node_modules/@rollup/rollup-win32-ia32-msvc": {
			"version": "4.9.6",
			"resolved": "https://registry.npmjs.org/@rollup/rollup-win32-ia32-msvc/-/rollup-win32-ia32-msvc-4.9.6.tgz",
			"integrity": "sha512-J9AFDq/xiRI58eR2NIDfyVmTYGyIZmRcvcAoJ48oDld/NTR8wyiPUu2X/v1navJ+N/FGg68LEbX3Ejd6l8B7MQ==",
			"cpu": [
				"ia32"
			],
			"dev": true,
			"optional": true,
			"os": [
				"win32"
			]
		},
		"node_modules/@rollup/rollup-win32-x64-msvc": {
			"version": "4.9.6",
			"resolved": "https://registry.npmjs.org/@rollup/rollup-win32-x64-msvc/-/rollup-win32-x64-msvc-4.9.6.tgz",
			"integrity": "sha512-jqzNLhNDvIZOrt69Ce4UjGRpXJBzhUBzawMwnaDAwyHriki3XollsewxWzOzz+4yOFDkuJHtTsZFwMxhYJWmLQ==",
			"cpu": [
				"x64"
			],
			"dev": true,
			"optional": true,
			"os": [
				"win32"
			]
		},
		"node_modules/@types/estree": {
			"version": "1.0.5",
			"resolved": "https://registry.npmjs.org/@types/estree/-/estree-1.0.5.tgz",
			"integrity": "sha512-/kYRxGDLWzHOB7q+wtSUQlFrtcdUccpfy+X+9iMBpHK8QLLhx2wIPYuS5DYtR9Wa/YlZAbIovy7qVdB1Aq6Lyw==",
			"dev": true
		},
		"node_modules/balanced-match": {
			"version": "1.0.2",
			"resolved": "https://registry.npmjs.org/balanced-match/-/balanced-match-1.0.2.tgz",
			"integrity": "sha512-3oSeUO0TMV67hN1AmbXsK4yaqU7tjiHlbxRDZOpH0KW9+CeX4bRAaX0Anxt0tx2MrpRpWwQaPwIlISEJhYU5Pw==",
			"dev": true
		},
		"node_modules/brace-expansion": {
			"version": "2.0.1",
			"resolved": "https://registry.npmjs.org/brace-expansion/-/brace-expansion-2.0.1.tgz",
			"integrity": "sha512-XnAIvQ8eM+kC6aULx6wuQiwVsnzsi9d3WxzV3FpWTGA19F621kwdbsAcFKXgKUHZWsy+mY6iL1sHTxWEFCytDA==",
			"dev": true,
			"dependencies": {
				"balanced-match": "^1.0.0"
			}
		},
		"node_modules/commondir": {
			"version": "1.0.1",
			"resolved": "https://registry.npmjs.org/commondir/-/commondir-1.0.1.tgz",
			"integrity": "sha512-W9pAhw0ja1Edb5GVdIF1mjZw/ASI0AlShXM83UUGe2DVr5TdAPEA1OA8m/g8zWp9x6On7gqufY+FatDbC3MDQg==",
			"dev": true
		},
		"node_modules/estree-walker": {
			"version": "2.0.2",
			"resolved": "https://registry.npmjs.org/estree-walker/-/estree-walker-2.0.2.tgz",
			"integrity": "sha512-Rfkk/Mp/DL7JVje3u18FxFujQlTNR2q6QfMSMB7AvCBx91NGj/ba3kCfza0f6dVDbw7YlRf/nDrn7pQrCCyQ/w==",
			"dev": true
		},
		"node_modules/fs.realpath": {
			"version": "1.0.0",
			"resolved": "https://registry.npmjs.org/fs.realpath/-/fs.realpath-1.0.0.tgz",
			"integrity": "sha512-OO0pH2lK6a0hZnAdau5ItzHPI6pUlvI7jMVnxUQRtw4owF2wk8lOSabtGDCTP4Ggrg2MbGnWO9X8K1t4+fGMDw==",
			"dev": true
		},
		"node_modules/fsevents": {
			"version": "2.3.3",
			"resolved": "https://registry.npmjs.org/fsevents/-/fsevents-2.3.3.tgz",
			"integrity": "sha512-5xoDfX+fL7faATnagmWPpbFtwh/R77WmMMqqHGS65C3vvB0YHrgF+B1YmZ3441tMj5n63k0212XNoJwzlhffQw==",
			"dev": true,
			"hasInstallScript": true,
			"optional": true,
			"os": [
				"darwin"
			],
			"engines": {
				"node": "^8.16.0 || ^10.6.0 || >=11.0.0"
			}
		},
		"node_modules/glob": {
			"version": "8.1.0",
			"resolved": "https://registry.npmjs.org/glob/-/glob-8.1.0.tgz",
			"integrity": "sha512-r8hpEjiQEYlF2QU0df3dS+nxxSIreXQS1qRhMJM0Q5NDdR386C7jb7Hwwod8Fgiuex+k0GFjgft18yvxm5XoCQ==",
			"dev": true,
			"dependencies": {
				"fs.realpath": "^1.0.0",
				"inflight": "^1.0.4",
				"inherits": "2",
				"minimatch": "^5.0.1",
				"once": "^1.3.0"
			},
			"engines": {
				"node": ">=12"
			},
			"funding": {
				"url": "https://github.com/sponsors/isaacs"
			}
		},
		"node_modules/inflight": {
			"version": "1.0.6",
			"resolved": "https://registry.npmjs.org/inflight/-/inflight-1.0.6.tgz",
			"integrity": "sha512-k92I/b08q4wvFscXCLvqfsHCrjrF7yiXsQuIVvVE7N82W3+aqpzuUdBbfhWcy/FZR3/4IgflMgKLOsvPDrGCJA==",
			"dev": true,
			"dependencies": {
				"once": "^1.3.0",
				"wrappy": "1"
			}
		},
		"node_modules/inherits": {
			"version": "2.0.4",
			"resolved": "https://registry.npmjs.org/inherits/-/inherits-2.0.4.tgz",
			"integrity": "sha512-k/vGaX4/Yla3WzyMCvTQOXYeIHvqOKtnqBduzTHpzpQZzAskKMhZ2K+EnBiSM9zGSoIFeMpXKxa4dYeZIQqewQ==",
			"dev": true
		},
		"node_modules/is-reference": {
			"version": "1.2.1",
			"resolved": "https://registry.npmjs.org/is-reference/-/is-reference-1.2.1.tgz",
			"integrity": "sha512-U82MsXXiFIrjCK4otLT+o2NA2Cd2g5MLoOVXUZjIOhLurrRxpEXzI8O0KZHr3IjLvlAH1kTPYSuqer5T9ZVBKQ==",
			"dev": true,
			"dependencies": {
				"@types/estree": "*"
			}
		},
		"node_modules/magic-string": {
			"version": "0.30.5",
			"resolved": "https://registry.npmjs.org/magic-string/-/magic-string-0.30.5.tgz",
			"integrity": "sha512-7xlpfBaQaP/T6Vh8MO/EqXSW5En6INHEvEXQiuff7Gku0PWjU3uf6w/j9o7O+SpB5fOAkrI5HeoNgwjEO0pFsA==",
			"dev": true,
			"dependencies": {
				"@jridgewell/sourcemap-codec": "^1.4.15"
			},
			"engines": {
				"node": ">=12"
			}
		},
		"node_modules/minimatch": {
			"version": "5.1.6",
			"resolved": "https://registry.npmjs.org/minimatch/-/minimatch-5.1.6.tgz",
			"integrity": "sha512-lKwV/1brpG6mBUFHtb7NUmtABCb2WZZmm2wNiOA5hAb8VdCS4B3dtMWyvcoViccwAW/COERjXLt0zP1zXUN26g==",
			"dev": true,
			"dependencies": {
				"brace-expansion": "^2.0.1"
			},
			"engines": {
				"node": ">=10"
			}
		},
		"node_modules/once": {
			"version": "1.4.0",
			"resolved": "https://registry.npmjs.org/once/-/once-1.4.0.tgz",
			"integrity": "sha512-lNaJgI+2Q5URQBkccEKHTQOPaXdUxnZZElQTZY0MFUAuaEqe1E+Nyvgdz/aIyNi6Z9MzO5dv1H8n58/GELp3+w==",
			"dev": true,
			"dependencies": {
				"wrappy": "1"
			}
		},
		"node_modules/picomatch": {
			"version": "2.3.1",
			"resolved": "https://registry.npmjs.org/picomatch/-/picomatch-2.3.1.tgz",
			"integrity": "sha512-JU3teHTNjmE2VCGFzuY8EXzCDVwEqB2a8fsIvwaStHhAWJEeVd1o1QD80CU6+ZdEXXSLbSsuLwJjkCBWqRQUVA==",
			"dev": true,
			"engines": {
				"node": ">=8.6"
			},
			"funding": {
				"url": "https://github.com/sponsors/jonschlinkert"
			}
		},
		"node_modules/rollup": {
			"version": "4.9.6",
			"resolved": "https://registry.npmjs.org/rollup/-/rollup-4.9.6.tgz",
			"integrity": "sha512-05lzkCS2uASX0CiLFybYfVkwNbKZG5NFQ6Go0VWyogFTXXbR039UVsegViTntkk4OglHBdF54ccApXRRuXRbsg==",
			"dev": true,
			"dependencies": {
				"@types/estree": "1.0.5"
			},
			"bin": {
				"rollup": "dist/bin/rollup"
			},
			"engines": {
				"node": ">=18.0.0",
				"npm": ">=8.0.0"
			},
			"optionalDependencies": {
				"@rollup/rollup-android-arm-eabi": "4.9.6",
				"@rollup/rollup-android-arm64": "4.9.6",
				"@rollup/rollup-darwin-arm64": "4.9.6",
				"@rollup/rollup-darwin-x64": "4.9.6",
				"@rollup/rollup-linux-arm-gnueabihf": "4.9.6",
				"@rollup/rollup-linux-arm64-gnu": "4.9.6",
				"@rollup/rollup-linux-arm64-musl": "4.9.6",
				"@rollup/rollup-linux-riscv64-gnu": "4.9.6",
				"@rollup/rollup-linux-x64-gnu": "4.9.6",
				"@rollup/rollup-linux-x64-musl": "4.9.6",
				"@rollup/rollup-win32-arm64-msvc": "4.9.6",
				"@rollup/rollup-win32-ia32-msvc": "4.9.6",
				"@rollup/rollup-win32-x64-msvc": "4.9.6",
				"fsevents": "~2.3.2"
			}
		},
		"node_modules/wrappy": {
			"version": "1.0.2",
			"resolved": "https://registry.npmjs.org/wrappy/-/wrappy-1.0.2.tgz",
			"integrity": "sha512-l4Sp/DRseor9wL6EvV2+TuQn63dMkPjZ/sp9XkghTEbV9KlPS1xUsZ3u7/IQO4wxtcFB4bgpQPRcR3QCvezPcQ==",
			"dev": true
		}
	}
}
